
Microsoft Visual Studio Solution File, Format Version 12.00
# Visual Studio Version 17
VisualStudioVersion = 17.8.34330.188
MinimumVisualStudioVersion = 10.0.40219.1
Project("{9A19103F-16F7-4668-BE54-9A1E7A4F7556}") = "Thelegend107.Data.Lib.Test", "Thelegend107.Data.Lib.Test\Thelegend107.Data.Lib.Test.csproj", "{969C0C0B-D579-430A-96CC-A86F8F8DC689}"
EndProject
Project("{9A19103F-16F7-4668-BE54-9A1E7A4F7556}") = "Thelegend107.Data.Lib", "Thelegend107.Data.Lib\Thelegend107.Data.Lib.csproj", "{B0A72AAE-663E-4C29-87C5-2005E54F9E67}"
EndProject
Global
	GlobalSection(SolutionConfigurationPlatforms) = preSolution
		Debug|Any CPU = Debug|Any CPU
		Release|Any CPU = Release|Any CPU
	EndGlobalSection
	GlobalSection(ProjectConfigurationPlatforms) = postSolution
		{969C0C0B-D579-430A-96CC-A86F8F8DC689}.Debug|Any CPU.ActiveCfg = Debug|Any CPU
		{969C0C0B-D579-430A-96CC-A86F8F8DC689}.Debug|Any CPU.Build.0 = Debug|Any CPU
		{969C0C0B-D579-430A-96CC-A86F8F8DC689}.Release|Any CPU.ActiveCfg = Release|Any CPU
		{969C0C0B-D579-430A-96CC-A86F8F8DC689}.Release|Any CPU.Build.0 = Release|Any CPU
		{B0A72AAE-663E-4C29-87C5-2005E54F9E67}.Debug|Any CPU.ActiveCfg = Debug|Any CPU
		{B0A72AAE-663E-4C29-87C5-2005E54F9E67}.Debug|Any CPU.Build.0 = Debug|Any CPU
		{B0A72AAE-663E-4C29-87C5-2005E54F9E67}.Release|Any CPU.ActiveCfg = Release|Any CPU
		{B0A72AAE-663E-4C29-87C5-2005E54F9E67}.Release|Any CPU.Build.0 = Release|Any CPU
	EndGlobalSection
	GlobalSection(SolutionProperties) = preSolution
		HideSolutionNode = FALSE
	EndGlobalSection
	GlobalSection(ExtensibilityGlobals) = postSolution
		SolutionGuid = {0DF717E8-DBD0-4B95-974F-3A9F54509B3A}
	EndGlobalSection
EndGlobal
